
Microsoft Visual Studio Solution File, Format Version 12.00
# Visual Studio Version 17
VisualStudioVersion = 17.8.34309.116
MinimumVisualStudioVersion = 10.0.40219.1
Project("{FAE04EC0-301F-11D3-BF4B-00C04F79EFBC}") = "Stock_Management_and_Billing_System_Old", "Stock_Management_and_Billing_System\Stock_Management_and_Billing_System_Old.csproj", "{56230C62-F860-4E30-8A1D-4B4E6194B951}"
EndProject
Global
	GlobalSection(SolutionConfigurationPlatforms) = preSolution
		Debug|Any CPU = Debug|Any CPU
		Release|Any CPU = Release|Any CPU
	EndGlobalSection
	GlobalSection(ProjectConfigurationPlatforms) = postSolution
		{56230C62-F860-4E30-8A1D-4B4E6194B951}.Debug|Any CPU.ActiveCfg = Debug|Any CPU
		{56230C62-F860-4E30-8A1D-4B4E6194B951}.Debug|Any CPU.Build.0 = Debug|Any CPU
		{56230C62-F860-4E30-8A1D-4B4E6194B951}.Release|Any CPU.ActiveCfg = Release|Any CPU
		{56230C62-F860-4E30-8A1D-4B4E6194B951}.Release|Any CPU.Build.0 = Release|Any CPU
	EndGlobalSection
	GlobalSection(SolutionProperties) = preSolution
		HideSolutionNode = FALSE
	EndGlobalSection
	GlobalSection(ExtensibilityGlobals) = postSolution
		SolutionGuid = {B39E6826-1F1B-42C4-BF1F-4B36EE92057E}
	EndGlobalSection
EndGlobal
